
Microsoft Visual Studio Solution File, Format Version 12.00
# Visual Studio Version 17
VisualStudioVersion = 17.9.34607.119
MinimumVisualStudioVersion = 10.0.40219.1
Project("{FAE04EC0-301F-11D3-BF4B-00C04F79EFBC}") = "hafta 8 emlak b", "hafta 8 emlak b\hafta 8 emlak b.csproj", "{BB9BDD04-FDE9-4AC9-B874-E94E8870E46E}"
EndProject
Global
	GlobalSection(SolutionConfigurationPlatforms) = preSolution
		Debug|Any CPU = Debug|Any CPU
		Release|Any CPU = Release|Any CPU
	EndGlobalSection
	GlobalSection(ProjectConfigurationPlatforms) = postSolution
		{BB9BDD04-FDE9-4AC9-B874-E94E8870E46E}.Debug|Any CPU.ActiveCfg = Debug|Any CPU
		{BB9BDD04-FDE9-4AC9-B874-E94E8870E46E}.Debug|Any CPU.Build.0 = Debug|Any CPU
		{BB9BDD04-FDE9-4AC9-B874-E94E8870E46E}.Release|Any CPU.ActiveCfg = Release|Any CPU
		{BB9BDD04-FDE9-4AC9-B874-E94E8870E46E}.Release|Any CPU.Build.0 = Release|Any CPU
	EndGlobalSection
	GlobalSection(SolutionProperties) = preSolution
		HideSolutionNode = FALSE
	EndGlobalSection
	GlobalSection(ExtensibilityGlobals) = postSolution
		SolutionGuid = {219B6156-0052-4D65-9F10-8E765D0C9B47}
	EndGlobalSection
EndGlobal
